
Microsoft Visual Studio Solution File, Format Version 12.00
# Visual Studio 15
VisualStudioVersion = 15.0.27428.2002
MinimumVisualStudioVersion = 10.0.40219.1
Project("{FAE04EC0-301F-11D3-BF4B-00C04F79EFBC}") = "Ouderbijdrage", "Ouderbijdrage\Ouderbijdrage.csproj", "{E4332F67-03FF-485C-BB09-E7EFE524967C}"
EndProject
Global
	GlobalSection(SolutionConfigurationPlatforms) = preSolution
		Debug|Any CPU = Debug|Any CPU
		Release|Any CPU = Release|Any CPU
	EndGlobalSection
	GlobalSection(ProjectConfigurationPlatforms) = postSolution
		{E4332F67-03FF-485C-BB09-E7EFE524967C}.Debug|Any CPU.ActiveCfg = Debug|Any CPU
		{E4332F67-03FF-485C-BB09-E7EFE524967C}.Debug|Any CPU.Build.0 = Debug|Any CPU
		{E4332F67-03FF-485C-BB09-E7EFE524967C}.Release|Any CPU.ActiveCfg = Release|Any CPU
		{E4332F67-03FF-485C-BB09-E7EFE524967C}.Release|Any CPU.Build.0 = Release|Any CPU
	EndGlobalSection
	GlobalSection(SolutionProperties) = preSolution
		HideSolutionNode = FALSE
	EndGlobalSection
	GlobalSection(ExtensibilityGlobals) = postSolution
		SolutionGuid = {FAA9CD35-ADD7-4FE4-BE9B-512128C47B9A}
	EndGlobalSection
EndGlobal
